PODS:
  - AdvancedPageControl (0.1.5)
  - Alamofire (5.4.1)
  - Cache (5.3.0)
  - CBPinEntryView (1.7.1)
  - Charts (3.6.0):
    - Charts/Core (= 3.6.0)
  - Charts/Core (3.6.0)
  - CountryPickerView (3.1.3)
  - DateTimePicker (2.5.2)
  - EmptyDataSet-Swift (5.0.0)
  - FBSDKCoreKit (9.0.1):
    - FBSDKCoreKit/Basics (= 9.0.1)
    - FBSDKCoreKit/Core (= 9.0.1)
  - FBSDKCoreKit/Basics (9.0.1)
  - FBSDKCoreKit/Core (9.0.1):
    - FBSDKCoreKit/Basics
  - FBSDKLoginKit (9.0.1):
    - FBSDKLoginKit/Login (= 9.0.1)
  - FBSDKLoginKit/Login (9.0.1):
    - FBSDKCoreKit (~> 9.0.1)
  - Firebase/Analytics (7.7.0):
    - Firebase/Core
  - Firebase/Core (7.7.0):
    - Firebase/CoreOnly
    - FirebaseAnalytics (= 7.7.0)
  - Firebase/CoreOnly (7.7.0):
    - FirebaseCore (= 7.7.0)
  - Firebase/Messaging (7.7.0):
    - Firebase/CoreOnly
    - FirebaseMessaging (~> 7.7.0)
  - FirebaseAnalytics (7.7.0):
    - FirebaseCore (~> 7.0)
    - FirebaseInstallations (~> 7.0)
    - GoogleAppMeasurement (= 7.7.0)
    - GoogleUtilities/AppDelegateSwizzler (~> 7.0)
    - GoogleUtilities/MethodSwizzler (~> 7.0)
    - GoogleUtilities/Network (~> 7.0)
    - "GoogleUtilities/NSData+zlib (~> 7.0)"
    - nanopb (~> 2.30907.0)
  - FirebaseCore (7.7.0):
    - FirebaseCoreDiagnostics (~> 7.4)
    - GoogleUtilities/Environment (~> 7.0)
    - GoogleUtilities/Logger (~> 7.0)
  - FirebaseCoreDiagnostics (7.7.0):
    - GoogleDataTransport (~> 8.0)
    - GoogleUtilities/Environment (~> 7.0)
    - GoogleUtilities/Logger (~> 7.0)
    - nanopb (~> 2.30907.0)
  - FirebaseInstallations (7.7.0):
    - FirebaseCore (~> 7.0)
    - GoogleUtilities/Environment (~> 7.0)
    - GoogleUtilities/UserDefaults (~> 7.0)
    - PromisesObjC (~> 1.2)
  - FirebaseInstanceID (7.7.0):
    - FirebaseCore (~> 7.0)
    - FirebaseInstallations (~> 7.0)
    - GoogleUtilities/Environment (~> 7.0)
    - GoogleUtilities/UserDefaults (~> 7.0)
  - FirebaseMessaging (7.7.0):
    - FirebaseCore (~> 7.0)
    - FirebaseInstanceID (~> 7.0)
    - GoogleUtilities/AppDelegateSwizzler (~> 7.0)
    - GoogleUtilities/Environment (~> 7.0)
    - GoogleUtilities/Reachability (~> 7.0)
    - GoogleUtilities/UserDefaults (~> 7.0)
  - GoogleAppMeasurement (7.7.0):
    - GoogleUtilities/AppDelegateSwizzler (~> 7.0)
    - GoogleUtilities/MethodSwizzler (~> 7.0)
    - GoogleUtilities/Network (~> 7.0)
    - "GoogleUtilities/NSData+zlib (~> 7.0)"
    - nanopb (~> 2.30907.0)
  - GoogleDataTransport (8.2.0):
    - nanopb (~> 2.30907.0)
  - GoogleUtilities/AppDelegateSwizzler (7.2.2):
    - GoogleUtilities/Environment
    - GoogleUtilities/Logger
    - GoogleUtilities/Network
  - GoogleUtilities/Environment (7.2.2):
    - PromisesObjC (~> 1.2)
  - GoogleUtilities/Logger (7.2.2):
    - GoogleUtilities/Environment
  - GoogleUtilities/MethodSwizzler (7.2.2):
    - GoogleUtilities/Logger
  - GoogleUtilities/Network (7.2.2):
    - GoogleUtilities/Logger
    - "GoogleUtilities/NSData+zlib"
    - GoogleUtilities/Reachability
  - "GoogleUtilities/NSData+zlib (7.2.2)"
  - GoogleUtilities/Reachability (7.2.2):
    - GoogleUtilities/Logger
  - GoogleUtilities/UserDefaults (7.2.2):
    - GoogleUtilities/Logger
  - ImageViewer.swift (3.3.3)
  - Imaginary (4.3.1):
    - Cache (~> 5.3.0)
  - InputBarAccessoryView (4.3.3):
    - InputBarAccessoryView/Core (= 4.3.3)
  - InputBarAccessoryView/Core (4.3.3)
  - IQKeyboardManagerSwift (6.5.6)
  - Kingfisher (6.1.1)
  - LanguageManager-iOS (1.2.3)
  - Lightbox (2.4.2):
    - Imaginary (~> 4.3.1)
  - MarqueeLabel (4.0.5)
  - MaterialComponents (123.0.0):
    - MaterialComponents/ActionSheet (= 123.0.0)
    - "MaterialComponents/ActionSheet+Theming (= 123.0.0)"
    - MaterialComponents/ActivityIndicator (= 123.0.0)
    - MaterialComponents/AnimationTiming (= 123.0.0)
    - MaterialComponents/AppBar (= 123.0.0)
    - "MaterialComponents/AppBar+ColorThemer (= 123.0.0)"
    - "MaterialComponents/AppBar+Theming (= 123.0.0)"
    - "MaterialComponents/AppBar+TypographyThemer (= 123.0.0)"
    - MaterialComponents/Availability (= 123.0.0)
    - MaterialComponents/Banner (= 123.0.0)
    - "MaterialComponents/Banner+Theming (= 123.0.0)"
    - MaterialComponents/BottomAppBar (= 123.0.0)
    - MaterialComponents/BottomNavigation (= 123.0.0)
    - "MaterialComponents/BottomNavigation+BottomNavigationController (= 123.0.0)"
    - "MaterialComponents/BottomNavigation+Theming (= 123.0.0)"
    - MaterialComponents/BottomSheet (= 123.0.0)
    - "MaterialComponents/BottomSheet+ShapeThemer (= 123.0.0)"
    - MaterialComponents/ButtonBar (= 123.0.0)
    - MaterialComponents/Buttons (= 123.0.0)
    - "MaterialComponents/Buttons+ButtonThemer (= 123.0.0)"
    - "MaterialComponents/Buttons+ColorThemer (= 123.0.0)"
    - "MaterialComponents/Buttons+ShapeThemer (= 123.0.0)"
    - "MaterialComponents/Buttons+Theming (= 123.0.0)"
    - "MaterialComponents/Buttons+TypographyThemer (= 123.0.0)"
    - MaterialComponents/Cards (= 123.0.0)
    - "MaterialComponents/Cards+Theming (= 123.0.0)"
    - MaterialComponents/Chips (= 123.0.0)
    - "MaterialComponents/Chips+Theming (= 123.0.0)"
    - MaterialComponents/CollectionCells (= 123.0.0)
    - MaterialComponents/CollectionLayoutAttributes (= 123.0.0)
    - MaterialComponents/Collections (= 123.0.0)
    - MaterialComponents/Dialogs (= 123.0.0)
    - "MaterialComponents/Dialogs+ColorThemer (= 123.0.0)"
    - "MaterialComponents/Dialogs+Theming (= 123.0.0)"
    - "MaterialComponents/Dialogs+TypographyThemer (= 123.0.0)"
    - MaterialComponents/Elevation (= 123.0.0)
    - MaterialComponents/FeatureHighlight (= 123.0.0)
    - "MaterialComponents/FeatureHighlight+ColorThemer (= 123.0.0)"
    - MaterialComponents/FlexibleHeader (= 123.0.0)
    - "MaterialComponents/FlexibleHeader+CanAlwaysExpandToMaximumHeight (= 123.0.0)"
    - "MaterialComponents/FlexibleHeader+ShiftBehavior (= 123.0.0)"
    - "MaterialComponents/FlexibleHeader+ShiftBehaviorEnabledWithStatusBar (= 123.0.0)"
    - MaterialComponents/HeaderStackView (= 123.0.0)
    - MaterialComponents/Ink (= 123.0.0)
    - MaterialComponents/LibraryInfo (= 123.0.0)
    - MaterialComponents/List (= 123.0.0)
    - "MaterialComponents/List+Theming (= 123.0.0)"
    - MaterialComponents/NavigationBar (= 123.0.0)
    - "MaterialComponents/NavigationBar+ColorThemer (= 123.0.0)"
    - "MaterialComponents/NavigationBar+TypographyThemer (= 123.0.0)"
    - MaterialComponents/NavigationDrawer (= 123.0.0)
    - "MaterialComponents/NavigationDrawer+ColorThemer (= 123.0.0)"
    - "MaterialComponents/NavigationDrawer+Theming (= 123.0.0)"
    - MaterialComponents/OverlayWindow (= 123.0.0)
    - MaterialComponents/PageControl (= 123.0.0)
    - MaterialComponents/Palettes (= 123.0.0)
    - MaterialComponents/private (= 123.0.0)
    - MaterialComponents/ProgressView (= 123.0.0)
    - "MaterialComponents/ProgressView+Theming (= 123.0.0)"
    - MaterialComponents/Ripple (= 123.0.0)
    - MaterialComponents/schemes (= 123.0.0)
    - MaterialComponents/ShadowElevations (= 123.0.0)
    - MaterialComponents/ShadowLayer (= 123.0.0)
    - MaterialComponents/ShapeLibrary (= 123.0.0)
    - MaterialComponents/Shapes (= 123.0.0)
    - MaterialComponents/Slider (= 123.0.0)
    - "MaterialComponents/Slider+ColorThemer (= 123.0.0)"
    - MaterialComponents/Snackbar (= 123.0.0)
    - MaterialComponents/Tabs (= 123.0.0)
    - "MaterialComponents/Tabs+TabBarView (= 123.0.0)"
    - "MaterialComponents/Tabs+TabBarViewTheming (= 123.0.0)"
    - "MaterialComponents/Tabs+Theming (= 123.0.0)"
    - "MaterialComponents/Tabs+TypographyThemer (= 123.0.0)"
    - "MaterialComponents/TextControls+BaseTextAreas (= 123.0.0)"
    - "MaterialComponents/TextControls+BaseTextFields (= 123.0.0)"
    - "MaterialComponents/TextControls+Enums (= 123.0.0)"
    - "MaterialComponents/TextControls+FilledTextAreas (= 123.0.0)"
    - "MaterialComponents/TextControls+FilledTextAreasTheming (= 123.0.0)"
    - "MaterialComponents/TextControls+FilledTextFields (= 123.0.0)"
    - "MaterialComponents/TextControls+FilledTextFieldsTheming (= 123.0.0)"
    - "MaterialComponents/TextControls+OutlinedTextAreas (= 123.0.0)"
    - "MaterialComponents/TextControls+OutlinedTextAreasTheming (= 123.0.0)"
    - "MaterialComponents/TextControls+OutlinedTextFields (= 123.0.0)"
    - "MaterialComponents/TextControls+OutlinedTextFieldsTheming (= 123.0.0)"
    - "MaterialComponents/TextControls+UnderlinedTextFields (= 123.0.0)"
    - "MaterialComponents/TextControls+UnderlinedTextFieldsTheming (= 123.0.0)"
    - MaterialComponents/TextFields (= 123.0.0)
    - "MaterialComponents/TextFields+ColorThemer (= 123.0.0)"
    - "MaterialComponents/TextFields+Theming (= 123.0.0)"
    - MaterialComponents/Themes (= 123.0.0)
    - MaterialComponents/Typography (= 123.0.0)
  - MaterialComponents/ActionSheet (123.0.0):
    - MaterialComponents/Availability
    - MaterialComponents/BottomSheet
    - MaterialComponents/Elevation
    - MaterialComponents/Ink
    - MaterialComponents/private/Math
    - MaterialComponents/Ripple
    - MaterialComponents/ShadowElevations
    - MaterialComponents/Typography
  - "MaterialComponents/ActionSheet+Theming (123.0.0)":
    - MaterialComponents/ActionSheet
    - MaterialComponents/Availability
    - MaterialComponents/Elevation
    - MaterialComponents/private/Color
    - MaterialComponents/schemes/Container
    - MaterialComponents/ShadowElevations
  - MaterialComponents/ActivityIndicator (123.0.0):
    - MaterialComponents/Palettes
    - MaterialComponents/private/Application
    - MDFInternationalization
    - MotionAnimator (~> 2.0)
  - MaterialComponents/AnimationTiming (123.0.0)
  - MaterialComponents/AppBar (123.0.0):
    - MaterialComponents/FlexibleHeader
    - MaterialComponents/HeaderStackView
    - MaterialComponents/NavigationBar
    - MaterialComponents/private/Application
    - MaterialComponents/private/Icons/ic_arrow_back
    - MaterialComponents/private/UIMetrics
    - MaterialComponents/ShadowElevations
    - MaterialComponents/ShadowLayer
    - MaterialComponents/Typography
    - MDFInternationalization
  - "MaterialComponents/AppBar+ColorThemer (123.0.0)":
    - MaterialComponents/AppBar
    - "MaterialComponents/NavigationBar+ColorThemer"
    - MaterialComponents/Themes
  - "MaterialComponents/AppBar+Theming (123.0.0)":
    - MaterialComponents/AppBar
    - MaterialComponents/schemes/Container
  - "MaterialComponents/AppBar+TypographyThemer (123.0.0)":
    - MaterialComponents/AppBar
    - "MaterialComponents/NavigationBar+TypographyThemer"
  - MaterialComponents/Availability (123.0.0)
  - MaterialComponents/Banner (123.0.0):
    - MaterialComponents/Availability
    - MaterialComponents/Buttons
    - MaterialComponents/Elevation
    - MaterialComponents/Typography
  - "MaterialComponents/Banner+Theming (123.0.0)":
    - MaterialComponents/Banner
    - MaterialComponents/Buttons
    - "MaterialComponents/Buttons+Theming"
    - MaterialComponents/Elevation
    - MaterialComponents/schemes/Container
    - MaterialComponents/Typography
  - MaterialComponents/BottomAppBar (123.0.0):
    - MaterialComponents/Buttons
    - MaterialComponents/NavigationBar
    - MaterialComponents/private/Math
    - MDFInternationalization
  - MaterialComponents/BottomNavigation (123.0.0):
    - MaterialComponents/Availability
    - MaterialComponents/Elevation
    - MaterialComponents/Ink
    - MaterialComponents/Palettes
    - MaterialComponents/private/Math
    - MaterialComponents/Ripple
    - MaterialComponents/ShadowElevations
    - MaterialComponents/ShadowLayer
    - MaterialComponents/Typography
    - MDFInternationalization
  - "MaterialComponents/BottomNavigation+BottomNavigationController (123.0.0)":
    - MaterialComponents/BottomNavigation
  - "MaterialComponents/BottomNavigation+Theming (123.0.0)":
    - MaterialComponents/BottomNavigation
    - MaterialComponents/schemes/Color
    - MaterialComponents/schemes/Container
    - MaterialComponents/schemes/Typography
    - MaterialComponents/ShadowElevations
  - MaterialComponents/BottomSheet (123.0.0):
    - MaterialComponents/Elevation
    - MaterialComponents/private/KeyboardWatcher
    - MaterialComponents/private/Math
    - MaterialComponents/ShadowElevations
    - MaterialComponents/ShadowLayer
    - MaterialComponents/ShapeLibrary
    - MaterialComponents/Shapes
  - "MaterialComponents/BottomSheet+ShapeThemer (123.0.0)":
    - MaterialComponents/BottomSheet
    - MaterialComponents/schemes/Shape
  - MaterialComponents/ButtonBar (123.0.0):
    - MaterialComponents/Buttons
    - MaterialComponents/private/Application
    - MDFInternationalization
  - MaterialComponents/Buttons (123.0.0):
    - MaterialComponents/Elevation
    - MaterialComponents/Ink
    - MaterialComponents/private/Math
    - MaterialComponents/Ripple
    - MaterialComponents/ShadowElevations
    - MaterialComponents/ShadowLayer
    - MaterialComponents/ShapeLibrary
    - MaterialComponents/Shapes
    - MaterialComponents/Typography
    - MDFInternationalization
    - MDFTextAccessibility
  - "MaterialComponents/Buttons+ButtonThemer (123.0.0)":
    - MaterialComponents/Buttons
    - "MaterialComponents/Buttons+ColorThemer"
    - "MaterialComponents/Buttons+ShapeThemer"
    - "MaterialComponents/Buttons+TypographyThemer"
    - MaterialComponents/Palettes
  - "MaterialComponents/Buttons+ColorThemer (123.0.0)":
    - MaterialComponents/Buttons
    - MaterialComponents/schemes/Color
  - "MaterialComponents/Buttons+ShapeThemer (123.0.0)":
    - MaterialComponents/Buttons
    - MaterialComponents/schemes/Shape
  - "MaterialComponents/Buttons+Theming (123.0.0)":
    - MaterialComponents/Buttons
    - "MaterialComponents/Buttons+ColorThemer"
    - "MaterialComponents/Buttons+ShapeThemer"
    - "MaterialComponents/Buttons+TypographyThemer"
    - MaterialComponents/schemes/Container
    - MaterialComponents/ShadowElevations
  - "MaterialComponents/Buttons+TypographyThemer (123.0.0)":
    - MaterialComponents/Buttons
    - MaterialComponents/schemes/Typography
  - MaterialComponents/Cards (123.0.0):
    - MaterialComponents/Elevation
    - MaterialComponents/Ink
    - MaterialComponents/private/Icons/ic_check_circle
    - MaterialComponents/private/Math
    - MaterialComponents/Ripple
    - MaterialComponents/ShadowLayer
    - MaterialComponents/Shapes
  - "MaterialComponents/Cards+Theming (123.0.0)":
    - MaterialComponents/Cards
    - MaterialComponents/schemes/Container
  - MaterialComponents/Chips (123.0.0):
    - MaterialComponents/Elevation
    - MaterialComponents/Ink
    - MaterialComponents/private/Math
    - MaterialComponents/Ripple
    - MaterialComponents/ShadowElevations
    - MaterialComponents/ShadowLayer
    - MaterialComponents/ShapeLibrary
    - MaterialComponents/Shapes
    - MaterialComponents/TextFields
    - MaterialComponents/Typography
    - MDFInternationalization
  - "MaterialComponents/Chips+Theming (123.0.0)":
    - MaterialComponents/Chips
    - MaterialComponents/schemes/Container
    - MaterialComponents/Typography
  - MaterialComponents/CollectionCells (123.0.0):
    - MaterialComponents/CollectionLayoutAttributes
    - MaterialComponents/Ink
    - MaterialComponents/Palettes
    - MaterialComponents/private/Icons/ic_check
    - MaterialComponents/private/Icons/ic_check_circle
    - MaterialComponents/private/Icons/ic_chevron_right
    - MaterialComponents/private/Icons/ic_info
    - MaterialComponents/private/Icons/ic_radio_button_unchecked
    - MaterialComponents/private/Icons/ic_reorder
    - MaterialComponents/private/Math
    - MaterialComponents/Ripple
    - MaterialComponents/Typography
    - MDFInternationalization
  - MaterialComponents/CollectionLayoutAttributes (123.0.0)
  - MaterialComponents/Collections (123.0.0):
    - MaterialComponents/Availability
    - MaterialComponents/CollectionCells
    - MaterialComponents/CollectionLayoutAttributes
    - MaterialComponents/Ink
    - MaterialComponents/Palettes
    - MaterialComponents/Ripple
    - MaterialComponents/ShadowElevations
    - MaterialComponents/ShadowLayer
    - MaterialComponents/Typography
  - MaterialComponents/Dialogs (123.0.0):
    - MaterialComponents/Buttons
    - MaterialComponents/Elevation
    - MaterialComponents/private/KeyboardWatcher
    - MaterialComponents/private/Math
    - MaterialComponents/ShadowElevations
    - MaterialComponents/ShadowLayer
    - MaterialComponents/Typography
    - MDFInternationalization
  - "MaterialComponents/Dialogs+ColorThemer (123.0.0)":
    - "MaterialComponents/Buttons+ColorThemer"
    - MaterialComponents/Dialogs
    - MaterialComponents/Themes
  - "MaterialComponents/Dialogs+Theming (123.0.0)":
    - "MaterialComponents/Buttons+Theming"
    - MaterialComponents/Dialogs
    - "MaterialComponents/Dialogs+ColorThemer"
    - "MaterialComponents/Dialogs+TypographyThemer"
    - MaterialComponents/schemes/Container
    - MaterialComponents/ShadowElevations
  - "MaterialComponents/Dialogs+TypographyThemer (123.0.0)":
    - "MaterialComponents/Buttons+TypographyThemer"
    - MaterialComponents/Dialogs
    - MaterialComponents/schemes/Typography
  - MaterialComponents/Elevation (123.0.0):
    - MaterialComponents/Availability
    - MaterialComponents/private/Color
    - MaterialComponents/private/Math
  - MaterialComponents/FeatureHighlight (123.0.0):
    - MaterialComponents/Availability
    - MaterialComponents/private/Math
    - MaterialComponents/Typography
    - MDFTextAccessibility
  - "MaterialComponents/FeatureHighlight+ColorThemer (123.0.0)":
    - MaterialComponents/FeatureHighlight
    - MaterialComponents/Themes
  - MaterialComponents/FlexibleHeader (123.0.0):
    - MaterialComponents/Availability
    - MaterialComponents/Elevation
    - "MaterialComponents/FlexibleHeader+ShiftBehavior"
    - "MaterialComponents/FlexibleHeader+ShiftBehaviorEnabledWithStatusBar"
    - MaterialComponents/private/Application
    - MaterialComponents/private/Math
    - MaterialComponents/private/UIMetrics
    - MaterialComponents/ShadowElevations
    - MaterialComponents/ShadowLayer
    - MDFTextAccessibility
  - "MaterialComponents/FlexibleHeader+CanAlwaysExpandToMaximumHeight (123.0.0)":
    - MaterialComponents/FlexibleHeader
  - "MaterialComponents/FlexibleHeader+ShiftBehavior (123.0.0)"
  - "MaterialComponents/FlexibleHeader+ShiftBehaviorEnabledWithStatusBar (123.0.0)":
    - "MaterialComponents/FlexibleHeader+ShiftBehavior"
  - MaterialComponents/HeaderStackView (123.0.0)
  - MaterialComponents/Ink (123.0.0):
    - MaterialComponents/Availability
    - MaterialComponents/private/Color
    - MaterialComponents/private/Math
  - MaterialComponents/LibraryInfo (123.0.0)
  - MaterialComponents/List (123.0.0):
    - MaterialComponents/Elevation
    - MaterialComponents/Ink
    - MaterialComponents/private/Math
    - MaterialComponents/Ripple
    - MaterialComponents/ShadowElevations
    - MaterialComponents/ShadowLayer
    - MaterialComponents/Typography
    - MDFInternationalization
  - "MaterialComponents/List+Theming (123.0.0)":
    - MaterialComponents/List
    - MaterialComponents/schemes/Container
  - MaterialComponents/NavigationBar (123.0.0):
    - MaterialComponents/ButtonBar
    - MaterialComponents/Elevation
    - MaterialComponents/private/Math
    - MaterialComponents/Typography
    - MDFInternationalization
    - MDFTextAccessibility
  - "MaterialComponents/NavigationBar+ColorThemer (123.0.0)":
    - MaterialComponents/NavigationBar
    - MaterialComponents/schemes/Color
  - "MaterialComponents/NavigationBar+TypographyThemer (123.0.0)":
    - MaterialComponents/NavigationBar
    - MaterialComponents/schemes/Typography
  - MaterialComponents/NavigationDrawer (123.0.0):
    - MaterialComponents/Elevation
    - MaterialComponents/Palettes
    - MaterialComponents/private/Math
    - MaterialComponents/private/UIMetrics
    - MaterialComponents/ShadowLayer
  - "MaterialComponents/NavigationDrawer+ColorThemer (123.0.0)":
    - MaterialComponents/NavigationDrawer
    - MaterialComponents/schemes/Color
  - "MaterialComponents/NavigationDrawer+Theming (123.0.0)":
    - MaterialComponents/NavigationDrawer
    - MaterialComponents/schemes/Container
  - MaterialComponents/OverlayWindow (123.0.0):
    - MaterialComponents/Availability
    - MaterialComponents/private/Application
  - MaterialComponents/PageControl (123.0.0):
    - MDFInternationalization
  - MaterialComponents/Palettes (123.0.0)
  - MaterialComponents/private (123.0.0):
    - MaterialComponents/private/Application (= 123.0.0)
    - MaterialComponents/private/Color (= 123.0.0)
    - MaterialComponents/private/Icons (= 123.0.0)
    - MaterialComponents/private/KeyboardWatcher (= 123.0.0)
    - MaterialComponents/private/Math (= 123.0.0)
    - MaterialComponents/private/Overlay (= 123.0.0)
    - "MaterialComponents/private/TextControlsPrivate+BaseStyle (= 123.0.0)"
    - "MaterialComponents/private/TextControlsPrivate+FilledStyle (= 123.0.0)"
    - "MaterialComponents/private/TextControlsPrivate+OutlinedStyle (= 123.0.0)"
    - "MaterialComponents/private/TextControlsPrivate+Shared (= 123.0.0)"
    - "MaterialComponents/private/TextControlsPrivate+TextFields (= 123.0.0)"
    - "MaterialComponents/private/TextControlsPrivate+UnderlinedStyle (= 123.0.0)"
    - MaterialComponents/private/ThumbTrack (= 123.0.0)
    - MaterialComponents/private/UIMetrics (= 123.0.0)
  - MaterialComponents/private/Application (123.0.0)
  - MaterialComponents/private/Color (123.0.0):
    - MaterialComponents/Availability
  - MaterialComponents/private/Icons (123.0.0):
    - MaterialComponents/private/Icons/Base (= 123.0.0)
    - MaterialComponents/private/Icons/ic_arrow_back (= 123.0.0)
    - MaterialComponents/private/Icons/ic_check (= 123.0.0)
    - MaterialComponents/private/Icons/ic_check_circle (= 123.0.0)
    - MaterialComponents/private/Icons/ic_chevron_right (= 123.0.0)
    - MaterialComponents/private/Icons/ic_color_lens (= 123.0.0)
    - MaterialComponents/private/Icons/ic_feedback (= 123.0.0)
    - MaterialComponents/private/Icons/ic_help_outline (= 123.0.0)
    - MaterialComponents/private/Icons/ic_info (= 123.0.0)
    - MaterialComponents/private/Icons/ic_more_horiz (= 123.0.0)
    - MaterialComponents/private/Icons/ic_radio_button_unchecked (= 123.0.0)
    - MaterialComponents/private/Icons/ic_reorder (= 123.0.0)
    - MaterialComponents/private/Icons/ic_settings (= 123.0.0)
  - MaterialComponents/private/Icons/Base (123.0.0)
  - MaterialComponents/private/Icons/ic_arrow_back (123.0.0):
    - MaterialComponents/private/Icons/Base
  - MaterialComponents/private/Icons/ic_check (123.0.0):
    - MaterialComponents/private/Icons/Base
  - MaterialComponents/private/Icons/ic_check_circle (123.0.0):
    - MaterialComponents/private/Icons/Base
  - MaterialComponents/private/Icons/ic_chevron_right (123.0.0):
    - MaterialComponents/private/Icons/Base
  - MaterialComponents/private/Icons/ic_color_lens (123.0.0):
    - MaterialComponents/private/Icons/Base
  - MaterialComponents/private/Icons/ic_feedback (123.0.0):
    - MaterialComponents/private/Icons/Base
  - MaterialComponents/private/Icons/ic_help_outline (123.0.0):
    - MaterialComponents/private/Icons/Base
  - MaterialComponents/private/Icons/ic_info (123.0.0):
    - MaterialComponents/private/Icons/Base
  - MaterialComponents/private/Icons/ic_more_horiz (123.0.0):
    - MaterialComponents/private/Icons/Base
  - MaterialComponents/private/Icons/ic_radio_button_unchecked (123.0.0):
    - MaterialComponents/private/Icons/Base
  - MaterialComponents/private/Icons/ic_reorder (123.0.0):
    - MaterialComponents/private/Icons/Base
  - MaterialComponents/private/Icons/ic_settings (123.0.0):
    - MaterialComponents/private/Icons/Base
  - MaterialComponents/private/KeyboardWatcher (123.0.0):
    - MaterialComponents/private/Application
  - MaterialComponents/private/Math (123.0.0)
  - MaterialComponents/private/Overlay (123.0.0)
  - "MaterialComponents/private/TextControlsPrivate+BaseStyle (123.0.0)":
    - MaterialComponents/AnimationTiming
    - MaterialComponents/private/Math
    - "MaterialComponents/private/TextControlsPrivate+Shared"
  - "MaterialComponents/private/TextControlsPrivate+FilledStyle (123.0.0)":
    - MaterialComponents/AnimationTiming
    - MaterialComponents/Availability
    - MaterialComponents/private/Math
    - "MaterialComponents/private/TextControlsPrivate+Shared"
    - "MaterialComponents/private/TextControlsPrivate+UnderlinedStyle"
  - "MaterialComponents/private/TextControlsPrivate+OutlinedStyle (123.0.0)":
    - MaterialComponents/AnimationTiming
    - MaterialComponents/Availability
    - MaterialComponents/private/Math
    - "MaterialComponents/private/TextControlsPrivate+Shared"
  - "MaterialComponents/private/TextControlsPrivate+Shared (123.0.0)":
    - MaterialComponents/AnimationTiming
    - MaterialComponents/private/Math
    - "MaterialComponents/TextControls+Enums"
  - "MaterialComponents/private/TextControlsPrivate+TextFields (123.0.0)":
    - MaterialComponents/private/Math
    - "MaterialComponents/private/TextControlsPrivate+Shared"
  - "MaterialComponents/private/TextControlsPrivate+UnderlinedStyle (123.0.0)":
    - MaterialComponents/AnimationTiming
    - MaterialComponents/Availability
    - MaterialComponents/private/Math
    - "MaterialComponents/private/TextControlsPrivate+Shared"
  - MaterialComponents/private/ThumbTrack (123.0.0):
    - MaterialComponents/Availability
    - MaterialComponents/Ink
    - MaterialComponents/private/Math
    - MaterialComponents/Ripple
    - MaterialComponents/ShadowElevations
    - MaterialComponents/ShadowLayer
    - MaterialComponents/ShapeLibrary
    - MaterialComponents/Typography
    - MDFInternationalization
  - MaterialComponents/private/UIMetrics (123.0.0):
    - MaterialComponents/private/Application
  - MaterialComponents/ProgressView (123.0.0):
    - MaterialComponents/Palettes
    - MaterialComponents/private/Math
    - MDFInternationalization
  - "MaterialComponents/ProgressView+Theming (123.0.0)":
    - MaterialComponents/ProgressView
    - MaterialComponents/schemes/Container
  - MaterialComponents/Ripple (123.0.0):
    - MaterialComponents/AnimationTiming
    - MaterialComponents/Availability
    - MaterialComponents/private/Color
    - MaterialComponents/private/Math
  - MaterialComponents/schemes (123.0.0):
    - MaterialComponents/schemes/Color (= 123.0.0)
    - MaterialComponents/schemes/Container (= 123.0.0)
    - MaterialComponents/schemes/Shape (= 123.0.0)
    - MaterialComponents/schemes/Typography (= 123.0.0)
    - "MaterialComponents/schemes/Typography+BasicFontScheme (= 123.0.0)"
    - "MaterialComponents/schemes/Typography+Scheming (= 123.0.0)"
  - MaterialComponents/schemes/Color (123.0.0):
    - MaterialComponents/Availability
    - MaterialComponents/private/Color
  - MaterialComponents/schemes/Container (123.0.0):
    - MaterialComponents/schemes/Color
    - MaterialComponents/schemes/Shape
    - MaterialComponents/schemes/Typography
  - MaterialComponents/schemes/Shape (123.0.0):
    - MaterialComponents/ShapeLibrary
    - MaterialComponents/Shapes
  - MaterialComponents/schemes/Typography (123.0.0):
    - "MaterialComponents/schemes/Typography+BasicFontScheme"
    - "MaterialComponents/schemes/Typography+Scheming"
    - MaterialComponents/Typography
  - "MaterialComponents/schemes/Typography+BasicFontScheme (123.0.0)"
  - "MaterialComponents/schemes/Typography+Scheming (123.0.0)"
  - MaterialComponents/ShadowElevations (123.0.0)
  - MaterialComponents/ShadowLayer (123.0.0):
    - MaterialComponents/ShadowElevations
  - MaterialComponents/ShapeLibrary (123.0.0):
    - MaterialComponents/private/Math
    - MaterialComponents/Shapes
  - MaterialComponents/Shapes (123.0.0):
    - MaterialComponents/private/Color
    - MaterialComponents/private/Math
    - MaterialComponents/ShadowLayer
  - MaterialComponents/Slider (123.0.0):
    - MaterialComponents/Elevation
    - MaterialComponents/Palettes
    - MaterialComponents/private/Math
    - MaterialComponents/private/ThumbTrack
    - MaterialComponents/ShadowElevations
  - "MaterialComponents/Slider+ColorThemer (123.0.0)":
    - MaterialComponents/Palettes
    - MaterialComponents/schemes/Color
    - MaterialComponents/Slider
  - MaterialComponents/Snackbar (123.0.0):
    - MaterialComponents/AnimationTiming
    - MaterialComponents/Availability
    - MaterialComponents/Buttons
    - MaterialComponents/Elevation
    - MaterialComponents/OverlayWindow
    - MaterialComponents/private/Application
    - MaterialComponents/private/KeyboardWatcher
    - MaterialComponents/private/Math
    - MaterialComponents/private/Overlay
    - MaterialComponents/ShadowElevations
    - MaterialComponents/ShadowLayer
    - MaterialComponents/Typography
  - MaterialComponents/Tabs (123.0.0):
    - MaterialComponents/AnimationTiming
    - MaterialComponents/Elevation
    - MaterialComponents/Ink
    - MaterialComponents/Palettes
    - MaterialComponents/private/Math
    - MaterialComponents/Ripple
    - MaterialComponents/ShadowElevations
    - MaterialComponents/ShadowLayer
    - MaterialComponents/Typography
    - MDFInternationalization
  - "MaterialComponents/Tabs+TabBarView (123.0.0)":
    - MaterialComponents/AnimationTiming
    - MaterialComponents/private/Math
    - MaterialComponents/Ripple
    - MDFInternationalization
  - "MaterialComponents/Tabs+TabBarViewTheming (123.0.0)":
    - MaterialComponents/schemes/Container
    - "MaterialComponents/Tabs+TabBarView"
  - "MaterialComponents/Tabs+Theming (123.0.0)":
    - MaterialComponents/schemes/Container
    - MaterialComponents/Tabs
    - "MaterialComponents/Tabs+TypographyThemer"
  - "MaterialComponents/Tabs+TypographyThemer (123.0.0)":
    - MaterialComponents/schemes/Typography
    - MaterialComponents/Tabs
  - "MaterialComponents/TextControls+BaseTextAreas (123.0.0)":
    - "MaterialComponents/private/TextControlsPrivate+BaseStyle"
    - "MaterialComponents/private/TextControlsPrivate+Shared"
    - MDFInternationalization
  - "MaterialComponents/TextControls+BaseTextFields (123.0.0)":
    - "MaterialComponents/private/TextControlsPrivate+BaseStyle"
    - "MaterialComponents/private/TextControlsPrivate+Shared"
    - "MaterialComponents/private/TextControlsPrivate+TextFields"
    - MDFInternationalization
  - "MaterialComponents/TextControls+Enums (123.0.0)"
  - "MaterialComponents/TextControls+FilledTextAreas (123.0.0)":
    - MaterialComponents/Availability
    - "MaterialComponents/private/TextControlsPrivate+FilledStyle"
    - "MaterialComponents/TextControls+BaseTextAreas"
  - "MaterialComponents/TextControls+FilledTextAreasTheming (123.0.0)":
    - MaterialComponents/schemes/Container
    - "MaterialComponents/TextControls+FilledTextAreas"
  - "MaterialComponents/TextControls+FilledTextFields (123.0.0)":
    - MaterialComponents/Availability
    - "MaterialComponents/private/TextControlsPrivate+FilledStyle"
    - "MaterialComponents/TextControls+BaseTextFields"
  - "MaterialComponents/TextControls+FilledTextFieldsTheming (123.0.0)":
    - MaterialComponents/schemes/Container
    - "MaterialComponents/TextControls+FilledTextFields"
  - "MaterialComponents/TextControls+OutlinedTextAreas (123.0.0)":
    - MaterialComponents/Availability
    - "MaterialComponents/private/TextControlsPrivate+OutlinedStyle"
    - "MaterialComponents/TextControls+BaseTextAreas"
  - "MaterialComponents/TextControls+OutlinedTextAreasTheming (123.0.0)":
    - MaterialComponents/schemes/Container
    - "MaterialComponents/TextControls+OutlinedTextAreas"
  - "MaterialComponents/TextControls+OutlinedTextFields (123.0.0)":
    - MaterialComponents/Availability
    - "MaterialComponents/private/TextControlsPrivate+OutlinedStyle"
    - "MaterialComponents/TextControls+BaseTextFields"
  - "MaterialComponents/TextControls+OutlinedTextFieldsTheming (123.0.0)":
    - MaterialComponents/schemes/Container
    - "MaterialComponents/TextControls+OutlinedTextFields"
  - "MaterialComponents/TextControls+UnderlinedTextFields (123.0.0)":
    - MaterialComponents/Availability
    - "MaterialComponents/private/TextControlsPrivate+UnderlinedStyle"
    - "MaterialComponents/TextControls+BaseTextFields"
  - "MaterialComponents/TextControls+UnderlinedTextFieldsTheming (123.0.0)":
    - MaterialComponents/schemes/Container
    - "MaterialComponents/TextControls+UnderlinedTextFields"
  - MaterialComponents/TextFields (123.0.0):
    - MaterialComponents/AnimationTiming
    - MaterialComponents/Buttons
    - MaterialComponents/Elevation
    - MaterialComponents/Palettes
    - MaterialComponents/private/Math
    - MaterialComponents/Typography
    - MDFInternationalization
  - "MaterialComponents/TextFields+ColorThemer (123.0.0)":
    - MaterialComponents/TextFields
    - MaterialComponents/Themes
  - "MaterialComponents/TextFields+Theming (123.0.0)":
    - MaterialComponents/schemes/Container
    - MaterialComponents/TextFields
    - "MaterialComponents/TextFields+ColorThemer"
  - MaterialComponents/Themes (123.0.0):
    - MaterialComponents/schemes/Color
    - MaterialComponents/schemes/Typography
  - MaterialComponents/Typography (123.0.0):
    - MaterialComponents/private/Application
    - MaterialComponents/private/Math
    - MDFTextAccessibility
  - MDFInternationalization (2.0.0)
  - MDFTextAccessibility (2.0.0)
  - MessageKit (3.1.0):
    - InputBarAccessoryView (~> 4.3.0)
  - MotionAnimator (2.8.1):
    - MotionInterchange (~> 1.6)
  - MotionInterchange (1.6.0)
  - nanopb (2.30907.0):
    - nanopb/decode (= 2.30907.0)
    - nanopb/encode (= 2.30907.0)
  - nanopb/decode (2.30907.0)
  - nanopb/encode (2.30907.0)
  - netfox (1.19.0)
  - NotificationBannerSwift (3.0.6):
    - MarqueeLabel (~> 4.0.5)
    - SnapKit (~> 5.0.1)
  - ObjectMapper (3.5.3)
  - pop (1.0.12)
  - PopBounceButton (1.2.2):
    - pop (~> 1.0)
  - PromisesObjC (1.2.12)
  - PryntTrimmerView (4.0.2)
  - R.swift (5.0.0):
    - R.swift.Library (~> 5.0.0)
  - R.swift.Library (5.0.1)
  - RevealingSplashView (0.6.0)
  - SkeletonView (1.15.0)
  - SnapKit (5.0.1)
  - Socket.IO-Client-Swift (15.2.0):
    - Starscream (~> 3.1)
  - Starscream (3.1.1)
  - SteviaLayout (4.7.3)
  - SwiftyContacts (3.0.16)
  - SwiftySound (1.2.0)
  - SwipeCellKit (2.7.1)
  - SYBadgeButton (1.1.0)
  - TimeZonePicker (1.3.0)
  - YPImagePicker (4.4.0):
    - PryntTrimmerView (~> 4.0.2)
    - SteviaLayout (~> 4.7.3)

DEPENDENCIES:
  - AdvancedPageControl
  - Alamofire (~> 5.2)
  - Cache
  - CBPinEntryView
  - Charts
  - CountryPickerView
  - DateTimePicker
  - EmptyDataSet-Swift (~> 5.0.0)
  - FBSDKLoginKit
  - Firebase/Analytics
  - Firebase/Messaging
  - ImageViewer.swift (~> 3.0)
  - IQKeyboardManagerSwift
  - Kingfisher (~> 6.0)
  - LanguageManager-iOS
  - Lightbox
  - MaterialComponents
  - MessageKit
  - netfox
  - NotificationBannerSwift (~> 3.0.0)
  - ObjectMapper (~> 3.5)
  - PopBounceButton
  - R.swift (= 5.0.0)
  - RevealingSplashView
  - SkeletonView
  - SnapKit (~> 5.0.0)
  - Socket.IO-Client-Swift (~> 15.2.0)
  - SwiftyContacts
  - SwiftySound
  - SwipeCellKit
  - SYBadgeButton
  - TimeZonePicker
  - YPImagePicker

SPEC REPOS:
  https://github.com/CocoaPods/Specs.git:
    - AdvancedPageControl
    - Alamofire
    - Cache
    - CBPinEntryView
    - CountryPickerView
    - DateTimePicker
    - EmptyDataSet-Swift
    - FBSDKCoreKit
    - FBSDKLoginKit
    - Firebase
    - FirebaseAnalytics
    - FirebaseCore
    - FirebaseCoreDiagnostics
    - FirebaseInstallations
    - FirebaseInstanceID
    - FirebaseMessaging
    - GoogleAppMeasurement
    - GoogleDataTransport
    - GoogleUtilities
    - ImageViewer.swift
    - Imaginary
    - InputBarAccessoryView
    - IQKeyboardManagerSwift
    - Kingfisher
    - LanguageManager-iOS
    - Lightbox
    - MarqueeLabel
    - MaterialComponents
    - MDFInternationalization
    - MDFTextAccessibility
    - MessageKit
    - MotionAnimator
    - MotionInterchange
    - nanopb
    - netfox
    - NotificationBannerSwift
    - ObjectMapper
    - pop
    - PopBounceButton
    - PromisesObjC
    - PryntTrimmerView
    - R.swift
    - R.swift.Library
    - RevealingSplashView
    - SkeletonView
    - SnapKit
    - Socket.IO-Client-Swift
    - Starscream
    - SteviaLayout
    - SwiftyContacts
    - SwiftySound
    - SwipeCellKit
    - SYBadgeButton
    - TimeZonePicker
    - YPImagePicker
  trunk:
    - Charts

SPEC CHECKSUMS:
  AdvancedPageControl: df5912b03c7b78a7719d4f479b79f7eb3a2966bb
  Alamofire: 2291f7d21ca607c491dd17642e5d40fdcda0e65c
  Cache: 48762993ec44e1d93483c4d4a13edd18452326f4
  CBPinEntryView: 5a91ba422bd8a38eea587511c92c89b19be78454
  Charts: b1e3a1f5a1c9ba5394438ca3b91bd8c9076310af
  CountryPickerView: 383c09949f7455de9892db7ce3400b10da090150
  DateTimePicker: 5b6386eb8f9839192e77748f620b9d9f12f41c28
  EmptyDataSet-Swift: eb382c0c87a2d9c678077385a595cec52da38171
  FBSDKCoreKit: fada1a6a0076724678993ff05a633848765ff18c
  FBSDKLoginKit: d5ffe6d808897019ccf16feb6f0a7ab260bc5cd6
  Firebase: cd2ab85eec8170dc260186159f21072ecb679ad5
  FirebaseAnalytics: f3f8f75de34fe04141a69bb1c4bd7e24a80178e1
  FirebaseCore: ac35d680a0bf32319a59966a1478e0741536b97b
  FirebaseCoreDiagnostics: 179bf3831213451c8addd036aca7fcf5492ec154
  FirebaseInstallations: 42c86e7b02ff75b7f27f85833bf5dcb5f38a9774
  FirebaseInstanceID: cf940324a20ac14a27ad1e931d15ac9d335526db
  FirebaseMessaging: ce33c2537fdda1d1a4bc82b2245e3c3bf9107684
  GoogleAppMeasurement: 0c3b134b2c0a90c4c24833873894bfe0e42a0384
  GoogleDataTransport: 1024b1a4dfbd7a0e92cb20d7e0a6f1fb66b449a4
  GoogleUtilities: 31c5b01f978a70c6cff2afc6272b3f1921614b43
  ImageViewer.swift: 3dbb74a68ac4bdd6cdd585b3128dae17ccd733e5
  Imaginary: 18c5bba364229eef383b925199db442e71d175e1
  InputBarAccessoryView: 8e7fc09e9cba75e0fee5da13450e15c194806f69
  IQKeyboardManagerSwift: c7df9d2deb356c04522f5c4b7b6e4ce4d8ed94fe
  Kingfisher: 676d63307fbef6ed5d5ed400bff36983480d7500
  LanguageManager-iOS: 020a6849c97949683926773fd5b82baceaa142db
  Lightbox: 8837c35c1150fa0410d94296e369b432d37f18c7
  MarqueeLabel: 00cc0bcd087111dca575878b3531af980559707d
  MaterialComponents: 7a40e33dc8726359d12e667b74a4007d87e4abd4
  MDFInternationalization: 010097556d6b09d2c4ea38e0820ea6d37be6a314
  MDFTextAccessibility: 85c09a1bd9c321f494348e632a25063bcda35a53
  MessageKit: 3beb578737a5aa2bba25cc27c7b6d6faa09af5a7
  MotionAnimator: ee16aa30567c5bae0fb2750c132915829cfaaf8a
  MotionInterchange: ead0e3ae1f3a5fb539e289debbc7ae036160a10d
  nanopb: 59221d7f958fb711001e6a449489542d92ae113e
  netfox: efeec1d23406df6cd605212f09a40957bb5654eb
  NotificationBannerSwift: 7021be2338f8f29cf424b0aca43da462bf9e2a1a
  ObjectMapper: 97111c97e054a6ee25917662106689f0b4127b37
  pop: d582054913807fd11fd50bfe6a539d91c7e1a55a
  PopBounceButton: 34105a012678222f058f8d2621672724a3d5c9fb
  PromisesObjC: 3113f7f76903778cf4a0586bd1ab89329a0b7b97
  PryntTrimmerView: 6a43cc90df5d99addeabd33d4ba09b1365322130
  R.swift: f88c7d7d48a2be4dffa132dde1b3d389620310eb
  R.swift.Library: cfe85d569d9bae6cb262922db130e7c3a7a5fad1
  RevealingSplashView: 40c5a770894459736acdc95655eeba0dd30ce91c
  SkeletonView: cac18a3ac4f893b09d99e65072d806ef08377aae
  SnapKit: 97b92857e3df3a0c71833cce143274bf6ef8e5eb
  Socket.IO-Client-Swift: 1e3e3a1f09f3312a167f0d781eb2f383d477357c
  Starscream: 4bb2f9942274833f7b4d296a55504dcfc7edb7b0
  SteviaLayout: c2ecdcff57d44e38fd2f65e54ad52aeae28ca0c4
  SwiftyContacts: c02b7908cfd18505c004a43162fd7b63218d2ba0
  SwiftySound: 9eb28bb14edb601b40027e44319e0ef8383f88bf
  SwipeCellKit: 3972254a826da74609926daf59b08d6c72e619ea
  SYBadgeButton: a93fb3578c56ee082b1b3e7e6cb3ed57db0d82bb
  TimeZonePicker: 7f3e60375dc3754a44f4a417f01e5c707b2b72b4
  YPImagePicker: 15aed8bcaa4dad976e11b6114126d731a2f9f3c9

PODFILE CHECKSUM: abc2ade83037cd5f05c68c29a990b839eadda94f

COCOAPODS: 1.10.1
